
Microsoft Visual Studio Solution File, Format Version 12.00
# Visual Studio Version 17
VisualStudioVersion = 17.4.33213.308
MinimumVisualStudioVersion = 10.0.40219.1
Project("{9A19103F-16F7-4668-BE54-9A1E7A4F7556}") = "Week8EpicGame", "Week8EpicGame\Week8EpicGame.csproj", "{A6C351B0-6941-457A-B638-DE649C2FC997}"
EndProject
Project("{FAE04EC0-301F-11D3-BF4B-00C04F79EFBC}") = "test", "test\test.csproj", "{856B524D-7EFB-450D-9D80-BDE53AC0E3D0}"
EndProject
Project("{FAE04EC0-301F-11D3-BF4B-00C04F79EFBC}") = "test2", "test2\test2.csproj", "{CDBBBD11-5B30-4DDE-9D65-88E84B18C18C}"
EndProject
Global
	GlobalSection(SolutionConfigurationPlatforms) = preSolution
		Debug|Any CPU = Debug|Any CPU
		Release|Any CPU = Release|Any CPU
	EndGlobalSection
	GlobalSection(ProjectConfigurationPlatforms) = postSolution
		{A6C351B0-6941-457A-B638-DE649C2FC997}.Debug|Any CPU.ActiveCfg = Debug|Any CPU
		{A6C351B0-6941-457A-B638-DE649C2FC997}.Debug|Any CPU.Build.0 = Debug|Any CPU
		{A6C351B0-6941-457A-B638-DE649C2FC997}.Release|Any CPU.ActiveCfg = Release|Any CPU
		{A6C351B0-6941-457A-B638-DE649C2FC997}.Release|Any CPU.Build.0 = Release|Any CPU
		{856B524D-7EFB-450D-9D80-BDE53AC0E3D0}.Debug|Any CPU.ActiveCfg = Debug|Any CPU
		{856B524D-7EFB-450D-9D80-BDE53AC0E3D0}.Debug|Any CPU.Build.0 = Debug|Any CPU
		{856B524D-7EFB-450D-9D80-BDE53AC0E3D0}.Release|Any CPU.ActiveCfg = Release|Any CPU
		{856B524D-7EFB-450D-9D80-BDE53AC0E3D0}.Release|Any CPU.Build.0 = Release|Any CPU
		{CDBBBD11-5B30-4DDE-9D65-88E84B18C18C}.Debug|Any CPU.ActiveCfg = Debug|Any CPU
		{CDBBBD11-5B30-4DDE-9D65-88E84B18C18C}.Debug|Any CPU.Build.0 = Debug|Any CPU
		{CDBBBD11-5B30-4DDE-9D65-88E84B18C18C}.Release|Any CPU.ActiveCfg = Release|Any CPU
		{CDBBBD11-5B30-4DDE-9D65-88E84B18C18C}.Release|Any CPU.Build.0 = Release|Any CPU
	EndGlobalSection
	GlobalSection(SolutionProperties) = preSolution
		HideSolutionNode = FALSE
	EndGlobalSection
	GlobalSection(ExtensibilityGlobals) = postSolution
		SolutionGuid = {E6C01657-FA4F-4FA4-8035-75814AD9AD93}
	EndGlobalSection
EndGlobal
